// !$*UTF8*$!
{
	archiveVersion = 1;
	classes = {
	};
	objectVersion = 77;
	objects = {

/* Begin PBXContainerItemProxy section */
		7D4A88052CD4F4D40094F41A /* PBXContainerItemProxy */ = {
			isa = PBXContainerItemProxy;
			containerPortal = 7D4A87EC2CD4F4D30094F41A /* Project object */;
			proxyType = 1;
			remoteGlobalIDString = 7D4A87F32CD4F4D30094F41A;
			remoteInfo = "original interact";
		};
		7D4A880F2CD4F4D40094F41A /* PBXContainerItemProxy */ = {
			isa = PBXContainerItemProxy;
			containerPortal = 7D4A87EC2CD4F4D30094F41A /* Project object */;
			proxyType = 1;
			remoteGlobalIDString = 7D4A87F32CD4F4D30094F41A;
			remoteInfo = "original interact";
		};
/* End PBXContainerItemProxy section */

/* Begin PBXFileReference section */
		7D4A87F42CD4F4D30094F41A /* original interact.app */ = {isa = PBXFileReference; explicitFileType = wrapper.application; includeInIndex = 0; path = "original interact.app"; sourceTree = BUILT_PRODUCTS_DIR; };
		7D4A88042CD4F4D40094F41A /* original interactTests.xctest */ = {isa = PBXFileReference; explicitFileType = wrapper.cfbundle; includeInIndex = 0; path = "original interactTests.xctest"; sourceTree = BUILT_PRODUCTS_DIR; };
		7D4A880E2CD4F4D40094F41A /* original interactUITests.xctest */ = {isa = PBXFileReference; explicitFileType = wrapper.cfbundle; includeInIndex = 0; path = "original interactUITests.xctest"; sourceTree = BUILT_PRODUCTS_DIR; };
/* End PBXFileReference section */

/* Begin PBXFileSystemSynchronizedRootGroup section */
		7D4A87F62CD4F4D30094F41A /* original interact */ = {
			isa = PBXFileSystemSynchronizedRootGroup;
			path = "original interact";
			sourceTree = "<group>";
		};
		7D4A88072CD4F4D40094F41A /* original interactTests */ = {
			isa = PBXFileSystemSynchronizedRootGroup;
			path = "original interactTests";
			sourceTree = "<group>";
		};
		7D4A88112CD4F4D40094F41A /* original interactUITests */ = {
			isa = PBXFileSystemSynchronizedRootGroup;
			path = "original interactUITests";
			sourceTree = "<group>";
		};
/* End PBXFileSystemSynchronizedRootGroup section */

/* Begin PBXFrameworksBuildPhase section */
		7D4A87F12CD4F4D30094F41A /* Frameworks */ = {
			isa = PBXFrameworksBuildPhase;
			buildActionMask = 2147483647;
			files = (
			);
			runOnlyForDeploymentPostprocessing = 0;
		};
		7D4A88012CD4F4D40094F41A /* Frameworks */ = {
			isa = PBXFrameworksBuildPhase;
			buildActionMask = 2147483647;
			files = (
			);
			runOnlyForDeploymentPostprocessing = 0;
		};
		7D4A880B2CD4F4D40094F41A /* Frameworks */ = {
			isa = PBXFrameworksBuildPhase;
			buildActionMask = 2147483647;
			files = (
			);
			runOnlyForDeploymentPostprocessing = 0;
		};
/* End PBXFrameworksBuildPhase section */

/* Begin PBXGroup section */
		7D4A87EB2CD4F4D30094F41A = {
			isa = PBXGroup;
			children = (
				7D4A87F62CD4F4D30094F41A /* original interact */,
				7D4A88072CD4F4D40094F41A /* original interactTests */,
				7D4A88112CD4F4D40094F41A /* original interactUITests */,
				7D4A87F52CD4F4D30094F41A /* Products */,
			);
			sourceTree = "<group>";
		};
		7D4A87F52CD4F4D30094F41A /* Products */ = {
			isa = PBXGroup;
			children = (
				7D4A87F42CD4F4D30094F41A /* original interact.app */,
				7D4A88042CD4F4D40094F41A /* original interactTests.xctest */,
				7D4A880E2CD4F4D40094F41A /* original interactUITests.xctest */,
			);
			name = Products;
			sourceTree = "<group>";
		};
/* End PBXGroup section */

/* Begin PBXNativeTarget section */
		7D4A87F32CD4F4D30094F41A /* original interact */ = {
			isa = PBXNativeTarget;
			buildConfigurationList = 7D4A88182CD4F4D40094F41A /* Build configuration list for PBXNativeTarget "original interact" */;
			buildPhases = (
				7D4A87F02CD4F4D30094F41A /* Sources */,
				7D4A87F12CD4F4D30094F41A /* Frameworks */,
				7D4A87F22CD4F4D30094F41A /* Resources */,
			);
			buildRules = (
			);
			dependencies = (
			);
			fileSystemSynchronizedGroups = (
				7D4A87F62CD4F4D30094F41A /* original interact */,
			);
			name = "original interact";
			packageProductDependencies = (
			);
			productName = "original interact";
			productReference = 7D4A87F42CD4F4D30094F41A /* original interact.app */;
			productType = "com.apple.product-type.application";
		};
		7D4A88032CD4F4D40094F41A /* original interactTests */ = {
			isa = PBXNativeTarget;
			buildConfigurationList = 7D4A881B2CD4F4D40094F41A /* Build configuration list for PBXNativeTarget "original interactTests" */;
			buildPhases = (
				7D4A88002CD4F4D40094F41A /* Sources */,
				7D4A88012CD4F4D40094F41A /* Frameworks */,
				7D4A88022CD4F4D40094F41A /* Resources */,
			);
			buildRules = (
			);
			dependencies = (
				7D4A88062CD4F4D40094F41A /* PBXTargetDependency */,
			);
			fileSystemSynchronizedGroups = (
				7D4A88072CD4F4D40094F41A /* original interactTests */,
			);
			name = "original interactTests";
			packageProductDependencies = (
			);
			productName = "original interactTests";
			productReference = 7D4A88042CD4F4D40094F41A /* original interactTests.xctest */;
			productType = "com.apple.product-type.bundle.unit-test";
		};
		7D4A880D2CD4F4D40094F41A /* original interactUITests */ = {
			isa = PBXNativeTarget;
			buildConfigurationList = 7D4A881E2CD4F4D40094F41A /* Build configuration list for PBXNativeTarget "original interactUITests" */;
			buildPhases = (
				7D4A880A2CD4F4D40094F41A /* Sources */,
				7D4A880B2CD4F4D40094F41A /* Frameworks */,
				7D4A880C2CD4F4D40094F41A /* Resources */,
			);
			buildRules = (
			);
			dependencies = (
				7D4A88102CD4F4D40094F41A /* PBXTargetDependency */,
			);
			fileSystemSynchronizedGroups = (
				7D4A88112CD4F4D40094F41A /* original interactUITests */,
			);
			name = "original interactUITests";
			packageProductDependencies = (
			);
			productName = "original interactUITests";
			productReference = 7D4A880E2CD4F4D40094F41A /* original interactUITests.xctest */;
			productType = "com.apple.product-type.bundle.ui-testing";
		};
/* End PBXNativeTarget section */

/* Begin PBXProject section */
		7D4A87EC2CD4F4D30094F41A /* Project object */ = {
			isa = PBXProject;
			attributes = {
				BuildIndependentTargetsInParallel = 1;
				LastSwiftUpdateCheck = 1610;
				LastUpgradeCheck = 1610;
				TargetAttributes = {
					7D4A87F32CD4F4D30094F41A = {
						CreatedOnToolsVersion = 16.1;
					};
					7D4A88032CD4F4D40094F41A = {
						CreatedOnToolsVersion = 16.1;
						TestTargetID = 7D4A87F32CD4F4D30094F41A;
					};
					7D4A880D2CD4F4D40094F41A = {
						CreatedOnToolsVersion = 16.1;
						TestTargetID = 7D4A87F32CD4F4D30094F41A;
					};
				};
			};
			buildConfigurationList = 7D4A87EF2CD4F4D30094F41A /* Build configuration list for PBXProject "original interact" */;
			developmentRegion = en;
			hasScannedForEncodings = 0;
			knownRegions = (
				en,
				Base,
			);
			mainGroup = 7D4A87EB2CD4F4D30094F41A;
			minimizedProjectReferenceProxies = 1;
			preferredProjectObjectVersion = 77;
			productRefGroup = 7D4A87F52CD4F4D30094F41A /* Products */;
			projectDirPath = "";
			projectRoot = "";
			targets = (
				7D4A87F32CD4F4D30094F41A /* original interact */,
				7D4A88032CD4F4D40094F41A /* original interactTests */,
				7D4A880D2CD4F4D40094F41A /* original interactUITests */,
			);
		};
/* End PBXProject section */

/* Begin PBXResourcesBuildPhase section */
		7D4A87F22CD4F4D30094F41A /* Resources */ = {
			isa = PBXResourcesBuildPhase;
			buildActionMask = 2147483647;
			files = (
			);
			runOnlyForDeploymentPostprocessing = 0;
		};
		7D4A88022CD4F4D40094F41A /* Resources */ = {
			isa = PBXResourcesBuildPhase;
			buildActionMask = 2147483647;
			files = (
			);
			runOnlyForDeploymentPostprocessing = 0;
		};
		7D4A880C2CD4F4D40094F41A /* Resources */ = {
			isa = PBXResourcesBuildPhase;
			buildActionMask = 2147483647;
			files = (
			);
			runOnlyForDeploymentPostprocessing = 0;
		};
/* End PBXResourcesBuildPhase section */

/* Begin PBXSourcesBuildPhase section */
		7D4A87F02CD4F4D30094F41A /* Sources */ = {
			isa = PBXSourcesBuildPhase;
			buildActionMask = 2147483647;
			files = (
			);
			runOnlyForDeploymentPostprocessing = 0;
		};
		7D4A88002CD4F4D40094F41A /* Sources */ = {
			isa = PBXSourcesBuildPhase;
			buildActionMask = 2147483647;
			files = (
			);
			runOnlyForDeploymentPostprocessing = 0;
		};
		7D4A880A2CD4F4D40094F41A /* Sources */ = {
			isa = PBXSourcesBuildPhase;
			buildActionMask = 2147483647;
			files = (
			);
			runOnlyForDeploymentPostprocessing = 0;
		};
/* End PBXSourcesBuildPhase section */

/* Begin PBXTargetDependency section */
		7D4A88062CD4F4D40094F41A /* PBXTargetDependency */ = {
			isa = PBXTargetDependency;
			target = 7D4A87F32CD4F4D30094F41A /* original interact */;
			targetProxy = 7D4A88052CD4F4D40094F41A /* PBXContainerItemProxy */;
		};
		7D4A88102CD4F4D40094F41A /* PBXTargetDependency */ = {
			isa = PBXTargetDependency;
			target = 7D4A87F32CD4F4D30094F41A /* original interact */;
			targetProxy = 7D4A880F2CD4F4D40094F41A /* PBXContainerItemProxy */;
		};
/* End PBXTargetDependency section */

/* Begin XCBuildConfiguration section */
		7D4A88162CD4F4D40094F41A /* Debug */ = {
			isa = XCBuildConfiguration;
			buildSettings = {
				ALWAYS_SEARCH_USER_PATHS = NO;
				ASSETCATALOG_COMPILER_GENERATE_SWIFT_ASSET_SYMBOL_EXTENSIONS = YES;
				CLANG_ANALYZER_NONNULL = YES;
				CLANG_ANALYZER_NUMBER_OBJECT_CONVERSION = YES_AGGRESSIVE;
				CLANG_CXX_LANGUAGE_STANDARD = "gnu++20";
				CLANG_ENABLE_MODULES = YES;
				CLANG_ENABLE_OBJC_ARC = YES;
				CLANG_ENABLE_OBJC_WEAK = YES;
				CLANG_WARN_BLOCK_CAPTURE_AUTORELEASING = YES;
				CLANG_WARN_BOOL_CONVERSION = YES;
				CLANG_WARN_COMMA = YES;
				CLANG_WARN_CONSTANT_CONVERSION = YES;
				CLANG_WARN_DEPRECATED_OBJC_IMPLEMENTATIONS = YES;
				CLANG_WARN_DIRECT_OBJC_ISA_USAGE = YES_ERROR;
				CLANG_WARN_DOCUMENTATION_COMMENTS = YES;
				CLANG_WARN_EMPTY_BODY = YES;
				CLANG_WARN_ENUM_CONVERSION = YES;
				CLANG_WARN_INFINITE_RECURSION = YES;
				CLANG_WARN_INT_CONVERSION = YES;
				CLANG_WARN_NON_LITERAL_NULL_CONVERSION = YES;
				CLANG_WARN_OBJC_IMPLICIT_RETAIN_SELF = YES;
				CLANG_WARN_OBJC_LITERAL_CONVERSION = YES;
				CLANG_WARN_OBJC_ROOT_CLASS = YES_ERROR;
				CLANG_WARN_QUOTED_INCLUDE_IN_FRAMEWORK_HEADER = YES;
				CLANG_WARN_RANGE_LOOP_ANALYSIS = YES;
				CLANG_WARN_STRICT_PROTOTYPES = YES;
				CLANG_WARN_SUSPICIOUS_MOVE = YES;
				CLANG_WARN_UNGUARDED_AVAILABILITY = YES_AGGRESSIVE;
				CLANG_WARN_UNREACHABLE_CODE = YES;
				CLANG_WARN__DUPLICATE_METHOD_MATCH = YES;
				COPY_PHASE_STRIP = NO;
				DEBUG_INFORMATION_FORMAT = dwarf;
				ENABLE_STRICT_OBJC_MSGSEND = YES;
				ENABLE_TESTABILITY = YES;
				ENABLE_USER_SCRIPT_SANDBOXING = YES;
				GCC_C_LANGUAGE_STANDARD = gnu17;
				GCC_DYNAMIC_NO_PIC = NO;
				GCC_NO_COMMON_BLOCKS = YES;
				GCC_OPTIMIZATION_LEVEL = 0;
				GCC_PREPROCESSOR_DEFINITIONS = (
					"DEBUG=1",
					"$(inherited)",
				);
				GCC_WARN_64_TO_32_BIT_CONVERSION = YES;
				GCC_WARN_ABOUT_RETURN_TYPE = YES_ERROR;
				GCC_WARN_UNDECLARED_SELECTOR = YES;
				GCC_WARN_UNINITIALIZED_AUTOS = YES_AGGRESSIVE;
				GCC_WARN_UNUSED_FUNCTION = YES;
				GCC_WARN_UNUSED_VARIABLE = YES;
				IPHONEOS_DEPLOYMENT_TARGET = 18.1;
				LOCALIZATION_PREFERS_STRING_CATALOGS = YES;
				MTL_ENABLE_DEBUG_INFO = INCLUDE_SOURCE;
				MTL_FAST_MATH = YES;
				ONLY_ACTIVE_ARCH = YES;
				SDKROOT = iphoneos;
				SWIFT_ACTIVE_COMPILATION_CONDITIONS = "DEBUG $(inherited)";
				SWIFT_OPTIMIZATION_LEVEL = "-Onone";
			};
			name = Debug;
		};
		7D4A88172CD4F4D40094F41A /* Release */ = {
			isa = XCBuildConfiguration;
			buildSettings = {
				ALWAYS_SEARCH_USER_PATHS = NO;
				ASSETCATALOG_COMPILER_GENERATE_SWIFT_ASSET_SYMBOL_EXTENSIONS = YES;
				CLANG_ANALYZER_NONNULL = YES;
				CLANG_ANALYZER_NUMBER_OBJECT_CONVERSION = YES_AGGRESSIVE;
				CLANG_CXX_LANGUAGE_STANDARD = "gnu++20";
				CLANG_ENABLE_MODULES = YES;
				CLANG_ENABLE_OBJC_ARC = YES;
				CLANG_ENABLE_OBJC_WEAK = YES;
				CLANG_WARN_BLOCK_CAPTURE_AUTORELEASING = YES;
				CLANG_WARN_BOOL_CONVERSION = YES;
				CLANG_WARN_COMMA = YES;
				CLANG_WARN_CONSTANT_CONVERSION = YES;
				CLANG_WARN_DEPRECATED_OBJC_IMPLEMENTATIONS = YES;
				CLANG_WARN_DIRECT_OBJC_ISA_USAGE = YES_ERROR;
				CLANG_WARN_DOCUMENTATION_COMMENTS = YES;
				CLANG_WARN_EMPTY_BODY = YES;
				CLANG_WARN_ENUM_CONVERSION = YES;
				CLANG_WARN_INFINITE_RECURSION = YES;
				CLANG_WARN_INT_CONVERSION = YES;
				CLANG_WARN_NON_LITERAL_NULL_CONVERSION = YES;
				CLANG_WARN_OBJC_IMPLICIT_RETAIN_SELF = YES;
				CLANG_WARN_OBJC_LITERAL_CONVERSION = YES;
				CLANG_WARN_OBJC_ROOT_CLASS = YES_ERROR;
				CLANG_WARN_QUOTED_INCLUDE_IN_FRAMEWORK_HEADER = YES;
				CLANG_WARN_RANGE_LOOP_ANALYSIS = YES;
				CLANG_WARN_STRICT_PROTOTYPES = YES;
				CLANG_WARN_SUSPICIOUS_MOVE = YES;
				CLANG_WARN_UNGUARDED_AVAILABILITY = YES_AGGRESSIVE;
				CLANG_WARN_UNREACHABLE_CODE = YES;
				CLANG_WARN__DUPLICATE_METHOD_MATCH = YES;
				COPY_PHASE_STRIP = NO;
				DEBUG_INFORMATION_FORMAT = "dwarf-with-dsym";
				ENABLE_NS_ASSERTIONS = NO;
				ENABLE_STRICT_OBJC_MSGSEND = YES;
				ENABLE_USER_SCRIPT_SANDBOXING = YES;
				GCC_C_LANGUAGE_STANDARD = gnu17;
				GCC_NO_COMMON_BLOCKS = YES;
				GCC_WARN_64_TO_32_BIT_CONVERSION = YES;
				GCC_WARN_ABOUT_RETURN_TYPE = YES_ERROR;
				GCC_WARN_UNDECLARED_SELECTOR = YES;
				GCC_WARN_UNINITIALIZED_AUTOS = YES_AGGRESSIVE;
				GCC_WARN_UNUSED_FUNCTION = YES;
				GCC_WARN_UNUSED_VARIABLE = YES;
				IPHONEOS_DEPLOYMENT_TARGET = 18.1;
				LOCALIZATION_PREFERS_STRING_CATALOGS = YES;
				MTL_ENABLE_DEBUG_INFO = NO;
				MTL_FAST_MATH = YES;
				SDKROOT = iphoneos;
				SWIFT_COMPILATION_MODE = wholemodule;
				VALIDATE_PRODUCT = YES;
			};
			name = Release;
		};
		7D4A88192CD4F4D40094F41A /* Debug */ = {
			isa = XCBuildConfiguration;
			buildSettings = {
				ASSETCATALOG_COMPILER_APPICON_NAME = AppIcon;
				ASSETCATALOG_COMPILER_GLOBAL_ACCENT_COLOR_NAME = AccentColor;
				CODE_SIGN_STYLE = Automatic;
				CURRENT_PROJECT_VERSION = 1;
				DEVELOPMENT_ASSET_PATHS = "\"original interact/Preview Content\"";
				DEVELOPMENT_TEAM = CXJ54T3Z4P;
				ENABLE_PREVIEWS = YES;
				GENERATE_INFOPLIST_FILE = YES;
				INFOPLIST_KEY_UIApplicationSceneManifest_Generation = YES;
				INFOPLIST_KEY_UIApplicationSupportsIndirectInputEvents = YES;
				INFOPLIST_KEY_UILaunchScreen_Generation = YES;
				INFOPLIST_KEY_UISupportedInterfaceOrientations_iPad = "UIInterfaceOrientationPortrait UIInterfaceOrientationPortraitUpsideDown UIInterfaceOrientationLandscapeLeft UIInterfaceOrientationLandscapeRight";
				INFOPLIST_KEY_UISupportedInterfaceOrientations_iPhone = "UIInterfaceOrientationPortrait UIInterfaceOrientationLandscapeLeft UIInterfaceOrientationLandscapeRight";
				LD_RUNPATH_SEARCH_PATHS = (
					"$(inherited)",
					"@executable_path/Frameworks",
				);
				MARKETING_VERSION = 1.0;
				PRODUCT_BUNDLE_IDENTIFIER = "com.runoob.original-interact";
				PRODUCT_NAME = "$(TARGET_NAME)";
				SWIFT_EMIT_LOC_STRINGS = YES;
				SWIFT_VERSION = 5.0;
				TARGETED_DEVICE_FAMILY = "1,2";
			};
			name = Debug;
		};
		7D4A881A2CD4F4D40094F41A /* Release */ = {
			isa = XCBuildConfiguration;
			buildSettings = {
				ASSETCATALOG_COMPILER_APPICON_NAME = AppIcon;
				ASSETCATALOG_COMPILER_GLOBAL_ACCENT_COLOR_NAME = AccentColor;
				CODE_SIGN_STYLE = Automatic;
				CURRENT_PROJECT_VERSION = 1;
				DEVELOPMENT_ASSET_PATHS = "\"original interact/Preview Content\"";
				DEVELOPMENT_TEAM = CXJ54T3Z4P;
				ENABLE_PREVIEWS = YES;
				GENERATE_INFOPLIST_FILE = YES;
				INFOPLIST_KEY_UIApplicationSceneManifest_Generation = YES;
				INFOPLIST_KEY_UIApplicationSupportsIndirectInputEvents = YES;
				INFOPLIST_KEY_UILaunchScreen_Generation = YES;
				INFOPLIST_KEY_UISupportedInterfaceOrientations_iPad = "UIInterfaceOrientationPortrait UIInterfaceOrientationPortraitUpsideDown UIInterfaceOrientationLandscapeLeft UIInterfaceOrientationLandscapeRight";
				INFOPLIST_KEY_UISupportedInterfaceOrientations_iPhone = "UIInterfaceOrientationPortrait UIInterfaceOrientationLandscapeLeft UIInterfaceOrientationLandscapeRight";
				LD_RUNPATH_SEARCH_PATHS = (
					"$(inherited)",
					"@executable_path/Frameworks",
				);
				MARKETING_VERSION = 1.0;
				PRODUCT_BUNDLE_IDENTIFIER = "com.runoob.original-interact";
				PRODUCT_NAME = "$(TARGET_NAME)";
				SWIFT_EMIT_LOC_STRINGS = YES;
				SWIFT_VERSION = 5.0;
				TARGETED_DEVICE_FAMILY = "1,2";
			};
			name = Release;
		};
		7D4A881C2CD4F4D40094F41A /* Debug */ = {
			isa = XCBuildConfiguration;
			buildSettings = {
				BUNDLE_LOADER = "$(TEST_HOST)";
				CODE_SIGN_STYLE = Automatic;
				CURRENT_PROJECT_VERSION = 1;
				DEVELOPMENT_TEAM = CXJ54T3Z4P;
				GENERATE_INFOPLIST_FILE = YES;
				IPHONEOS_DEPLOYMENT_TARGET = 18.1;
				MARKETING_VERSION = 1.0;
				PRODUCT_BUNDLE_IDENTIFIER = "com.runoob.original-interactTests";
				PRODUCT_NAME = "$(TARGET_NAME)";
				SWIFT_EMIT_LOC_STRINGS = NO;
				SWIFT_VERSION = 5.0;
				TARGETED_DEVICE_FAMILY = "1,2";
				TEST_HOST = "$(BUILT_PRODUCTS_DIR)/original interact.app/$(BUNDLE_EXECUTABLE_FOLDER_PATH)/original interact";
			};
			name = Debug;
		};
		7D4A881D2CD4F4D40094F41A /* Release */ = {
			isa = XCBuildConfiguration;
			buildSettings = {
				BUNDLE_LOADER = "$(TEST_HOST)";
				CODE_SIGN_STYLE = Automatic;
				CURRENT_PROJECT_VERSION = 1;
				DEVELOPMENT_TEAM = CXJ54T3Z4P;
				GENERATE_INFOPLIST_FILE = YES;
				IPHONEOS_DEPLOYMENT_TARGET = 18.1;
				MARKETING_VERSION = 1.0;
				PRODUCT_BUNDLE_IDENTIFIER = "com.runoob.original-interactTests";
				PRODUCT_NAME = "$(TARGET_NAME)";
				SWIFT_EMIT_LOC_STRINGS = NO;
				SWIFT_VERSION = 5.0;
				TARGETED_DEVICE_FAMILY = "1,2";
				TEST_HOST = "$(BUILT_PRODUCTS_DIR)/original interact.app/$(BUNDLE_EXECUTABLE_FOLDER_PATH)/original interact";
			};
			name = Release;
		};
		7D4A881F2CD4F4D40094F41A /* Debug */ = {
			isa = XCBuildConfiguration;
			buildSettings = {
				CODE_SIGN_STYLE = Automatic;
				CURRENT_PROJECT_VERSION = 1;
				DEVELOPMENT_TEAM = CXJ54T3Z4P;
				GENERATE_INFOPLIST_FILE = YES;
				MARKETING_VERSION = 1.0;
				PRODUCT_BUNDLE_IDENTIFIER = "com.runoob.original-interactUITests";
				PRODUCT_NAME = "$(TARGET_NAME)";
				SWIFT_EMIT_LOC_STRINGS = NO;
				SWIFT_VERSION = 5.0;
				TARGETED_DEVICE_FAMILY = "1,2";
				TEST_TARGET_NAME = "original interact";
			};
			name = Debug;
		};
		7D4A88202CD4F4D40094F41A /* Release */ = {
			isa = XCBuildConfiguration;
			buildSettings = {
				CODE_SIGN_STYLE = Automatic;
				CURRENT_PROJECT_VERSION = 1;
				DEVELOPMENT_TEAM = CXJ54T3Z4P;
				GENERATE_INFOPLIST_FILE = YES;
				MARKETING_VERSION = 1.0;
				PRODUCT_BUNDLE_IDENTIFIER = "com.runoob.original-interactUITests";
				PRODUCT_NAME = "$(TARGET_NAME)";
				SWIFT_EMIT_LOC_STRINGS = NO;
				SWIFT_VERSION = 5.0;
				TARGETED_DEVICE_FAMILY = "1,2";
				TEST_TARGET_NAME = "original interact";
			};
			name = Release;
		};
/* End XCBuildConfiguration section */

/* Begin XCConfigurationList section */
		7D4A87EF2CD4F4D30094F41A /* Build configuration list for PBXProject "original interact" */ = {
			isa = XCConfigurationList;
			buildConfigurations = (
				7D4A88162CD4F4D40094F41A /* Debug */,
				7D4A88172CD4F4D40094F41A /* Release */,
			);
			defaultConfigurationIsVisible = 0;
			defaultConfigurationName = Release;
		};
		7D4A88182CD4F4D40094F41A /* Build configuration list for PBXNativeTarget "original interact" */ = {
			isa = XCConfigurationList;
			buildConfigurations = (
				7D4A88192CD4F4D40094F41A /* Debug */,
				7D4A881A2CD4F4D40094F41A /* Release */,
			);
			defaultConfigurationIsVisible = 0;
			defaultConfigurationName = Release;
		};
		7D4A881B2CD4F4D40094F41A /* Build configuration list for PBXNativeTarget "original interactTests" */ = {
			isa = XCConfigurationList;
			buildConfigurations = (
				7D4A881C2CD4F4D40094F41A /* Debug */,
				7D4A881D2CD4F4D40094F41A /* Release */,
			);
			defaultConfigurationIsVisible = 0;
			defaultConfigurationName = Release;
		};
		7D4A881E2CD4F4D40094F41A /* Build configuration list for PBXNativeTarget "original interactUITests" */ = {
			isa = XCConfigurationList;
			buildConfigurations = (
				7D4A881F2CD4F4D40094F41A /* Debug */,
				7D4A88202CD4F4D40094F41A /* Release */,
			);
			defaultConfigurationIsVisible = 0;
			defaultConfigurationName = Release;
		};
/* End XCConfigurationList section */
	};
	rootObject = 7D4A87EC2CD4F4D30094F41A /* Project object */;
}
